// !$*UTF8*$!
{
	archiveVersion = 1;
	classes = {
	};
	objectVersion = 77;
	objects = {

/* Begin PBXContainerItemProxy section */
		B50EDFDC2DDE134300C6A2F4 /* PBXContainerItemProxy */ = {
			isa = PBXContainerItemProxy;
			containerPortal = B50EDFC62DDE134200C6A2F4 /* Project object */;
			proxyType = 1;
			remoteGlobalIDString = B50EDFCD2DDE134200C6A2F4;
			remoteInfo = GitStudy;
		};
		B50EDFE62DDE134300C6A2F4 /* PBXContainerItemProxy */ = {
			isa = PBXContainerItemProxy;
			containerPortal = B50EDFC62DDE134200C6A2F4 /* Project object */;
			proxyType = 1;
			remoteGlobalIDString = B50EDFCD2DDE134200C6A2F4;
			remoteInfo = GitStudy;
		};
/* End PBXContainerItemProxy section */

/* Begin PBXFileReference section */
		B50EDFCE2DDE134200C6A2F4 /* GitStudy.app */ = {isa = PBXFileReference; explicitFileType = wrapper.application; includeInIndex = 0; path = GitStudy.app; sourceTree = BUILT_PRODUCTS_DIR; };
		B50EDFDB2DDE134300C6A2F4 /* GitStudyTests.xctest */ = {isa = PBXFileReference; explicitFileType = wrapper.cfbundle; includeInIndex = 0; path = GitStudyTests.xctest; sourceTree = BUILT_PRODUCTS_DIR; };
		B50EDFE52DDE134300C6A2F4 /* GitStudyUITests.xctest */ = {isa = PBXFileReference; explicitFileType = wrapper.cfbundle; includeInIndex = 0; path = GitStudyUITests.xctest; sourceTree = BUILT_PRODUCTS_DIR; };
/* End PBXFileReference section */

/* Begin PBXFileSystemSynchronizedRootGroup section */
		B50EDFD02DDE134200C6A2F4 /* GitStudy */ = {
			isa = PBXFileSystemSynchronizedRootGroup;
			path = GitStudy;
			sourceTree = "<group>";
		};
		B50EDFDE2DDE134300C6A2F4 /* GitStudyTests */ = {
			isa = PBXFileSystemSynchronizedRootGroup;
			path = GitStudyTests;
			sourceTree = "<group>";
		};
		B50EDFE82DDE134300C6A2F4 /* GitStudyUITests */ = {
			isa = PBXFileSystemSynchronizedRootGroup;
			path = GitStudyUITests;
			sourceTree = "<group>";
		};
/* End PBXFileSystemSynchronizedRootGroup section */

/* Begin PBXFrameworksBuildPhase section */
		B50EDFCB2DDE134200C6A2F4 /* Frameworks */ = {
			isa = PBXFrameworksBuildPhase;
			buildActionMask = 2147483647;
			files = (
			);
			runOnlyForDeploymentPostprocessing = 0;
		};
		B50EDFD82DDE134300C6A2F4 /* Frameworks */ = {
			isa = PBXFrameworksBuildPhase;
			buildActionMask = 2147483647;
			files = (
			);
			runOnlyForDeploymentPostprocessing = 0;
		};
		B50EDFE22DDE134300C6A2F4 /* Frameworks */ = {
			isa = PBXFrameworksBuildPhase;
			buildActionMask = 2147483647;
			files = (
			);
			runOnlyForDeploymentPostprocessing = 0;
		};
/* End PBXFrameworksBuildPhase section */

/* Begin PBXGroup section */
		B50EDFC52DDE134200C6A2F4 = {
			isa = PBXGroup;
			children = (
				B50EDFD02DDE134200C6A2F4 /* GitStudy */,
				B50EDFDE2DDE134300C6A2F4 /* GitStudyTests */,
				B50EDFE82DDE134300C6A2F4 /* GitStudyUITests */,
				B50EDFCF2DDE134200C6A2F4 /* Products */,
			);
			sourceTree = "<group>";
		};
		B50EDFCF2DDE134200C6A2F4 /* Products */ = {
			isa = PBXGroup;
			children = (
				B50EDFCE2DDE134200C6A2F4 /* GitStudy.app */,
				B50EDFDB2DDE134300C6A2F4 /* GitStudyTests.xctest */,
				B50EDFE52DDE134300C6A2F4 /* GitStudyUITests.xctest */,
			);
			name = Products;
			sourceTree = "<group>";
		};
/* End PBXGroup section */

/* Begin PBXNativeTarget section */
		B50EDFCD2DDE134200C6A2F4 /* GitStudy */ = {
			isa = PBXNativeTarget;
			buildConfigurationList = B50EDFEF2DDE134300C6A2F4 /* Build configuration list for PBXNativeTarget "GitStudy" */;
			buildPhases = (
				B50EDFCA2DDE134200C6A2F4 /* Sources */,
				B50EDFCB2DDE134200C6A2F4 /* Frameworks */,
				B50EDFCC2DDE134200C6A2F4 /* Resources */,
			);
			buildRules = (
			);
			dependencies = (
			);
			fileSystemSynchronizedGroups = (
				B50EDFD02DDE134200C6A2F4 /* GitStudy */,
			);
			name = GitStudy;
			packageProductDependencies = (
			);
			productName = GitStudy;
			productReference = B50EDFCE2DDE134200C6A2F4 /* GitStudy.app */;
			productType = "com.apple.product-type.application";
		};
		B50EDFDA2DDE134300C6A2F4 /* GitStudyTests */ = {
			isa = PBXNativeTarget;
			buildConfigurationList = B50EDFF22DDE134300C6A2F4 /* Build configuration list for PBXNativeTarget "GitStudyTests" */;
			buildPhases = (
				B50EDFD72DDE134300C6A2F4 /* Sources */,
				B50EDFD82DDE134300C6A2F4 /* Frameworks */,
				B50EDFD92DDE134300C6A2F4 /* Resources */,
			);
			buildRules = (
			);
			dependencies = (
				B50EDFDD2DDE134300C6A2F4 /* PBXTargetDependency */,
			);
			fileSystemSynchronizedGroups = (
				B50EDFDE2DDE134300C6A2F4 /* GitStudyTests */,
			);
			name = GitStudyTests;
			packageProductDependencies = (
			);
			productName = GitStudyTests;
			productReference = B50EDFDB2DDE134300C6A2F4 /* GitStudyTests.xctest */;
			productType = "com.apple.product-type.bundle.unit-test";
		};
		B50EDFE42DDE134300C6A2F4 /* GitStudyUITests */ = {
			isa = PBXNativeTarget;
			buildConfigurationList = B50EDFF52DDE134300C6A2F4 /* Build configuration list for PBXNativeTarget "GitStudyUITests" */;
			buildPhases = (
				B50EDFE12DDE134300C6A2F4 /* Sources */,
				B50EDFE22DDE134300C6A2F4 /* Frameworks */,
				B50EDFE32DDE134300C6A2F4 /* Resources */,
			);
			buildRules = (
			);
			dependencies = (
				B50EDFE72DDE134300C6A2F4 /* PBXTargetDependency */,
			);
			fileSystemSynchronizedGroups = (
				B50EDFE82DDE134300C6A2F4 /* GitStudyUITests */,
			);
			name = GitStudyUITests;
			packageProductDependencies = (
			);
			productName = GitStudyUITests;
			productReference = B50EDFE52DDE134300C6A2F4 /* GitStudyUITests.xctest */;
			productType = "com.apple.product-type.bundle.ui-testing";
		};
/* End PBXNativeTarget section */

/* Begin PBXProject section */
		B50EDFC62DDE134200C6A2F4 /* Project object */ = {
			isa = PBXProject;
			attributes = {
				BuildIndependentTargetsInParallel = 1;
				LastSwiftUpdateCheck = 1630;
				LastUpgradeCheck = 1630;
				TargetAttributes = {
					B50EDFCD2DDE134200C6A2F4 = {
						CreatedOnToolsVersion = 16.3;
					};
					B50EDFDA2DDE134300C6A2F4 = {
						CreatedOnToolsVersion = 16.3;
						TestTargetID = B50EDFCD2DDE134200C6A2F4;
					};
					B50EDFE42DDE134300C6A2F4 = {
						CreatedOnToolsVersion = 16.3;
						TestTargetID = B50EDFCD2DDE134200C6A2F4;
					};
				};
			};
			buildConfigurationList = B50EDFC92DDE134200C6A2F4 /* Build configuration list for PBXProject "GitStudy" */;
			developmentRegion = en;
			hasScannedForEncodings = 0;
			knownRegions = (
				en,
				Base,
			);
			mainGroup = B50EDFC52DDE134200C6A2F4;
			minimizedProjectReferenceProxies = 1;
			preferredProjectObjectVersion = 77;
			productRefGroup = B50EDFCF2DDE134200C6A2F4 /* Products */;
			projectDirPath = "";
			projectRoot = "";
			targets = (
				B50EDFCD2DDE134200C6A2F4 /* GitStudy */,
				B50EDFDA2DDE134300C6A2F4 /* GitStudyTests */,
				B50EDFE42DDE134300C6A2F4 /* GitStudyUITests */,
			);
		};
/* End PBXProject section */

/* Begin PBXResourcesBuildPhase section */
		B50EDFCC2DDE134200C6A2F4 /* Resources */ = {
			isa = PBXResourcesBuildPhase;
			buildActionMask = 2147483647;
			files = (
			);
			runOnlyForDeploymentPostprocessing = 0;
		};
		B50EDFD92DDE134300C6A2F4 /* Resources */ = {
			isa = PBXResourcesBuildPhase;
			buildActionMask = 2147483647;
			files = (
			);
			runOnlyForDeploymentPostprocessing = 0;
		};
		B50EDFE32DDE134300C6A2F4 /* Resources */ = {
			isa = PBXResourcesBuildPhase;
			buildActionMask = 2147483647;
			files = (
			);
			runOnlyForDeploymentPostprocessing = 0;
		};
/* End PBXResourcesBuildPhase section */

/* Begin PBXSourcesBuildPhase section */
		B50EDFCA2DDE134200C6A2F4 /* Sources */ = {
			isa = PBXSourcesBuildPhase;
			buildActionMask = 2147483647;
			files = (
			);
			runOnlyForDeploymentPostprocessing = 0;
		};
		B50EDFD72DDE134300C6A2F4 /* Sources */ = {
			isa = PBXSourcesBuildPhase;
			buildActionMask = 2147483647;
			files = (
			);
			runOnlyForDeploymentPostprocessing = 0;
		};
		B50EDFE12DDE134300C6A2F4 /* Sources */ = {
			isa = PBXSourcesBuildPhase;
			buildActionMask = 2147483647;
			files = (
			);
			runOnlyForDeploymentPostprocessing = 0;
		};
/* End PBXSourcesBuildPhase section */

/* Begin PBXTargetDependency section */
		B50EDFDD2DDE134300C6A2F4 /* PBXTargetDependency */ = {
			isa = PBXTargetDependency;
			target = B50EDFCD2DDE134200C6A2F4 /* GitStudy */;
			targetProxy = B50EDFDC2DDE134300C6A2F4 /* PBXContainerItemProxy */;
		};
		B50EDFE72DDE134300C6A2F4 /* PBXTargetDependency */ = {
			isa = PBXTargetDependency;
			target = B50EDFCD2DDE134200C6A2F4 /* GitStudy */;
			targetProxy = B50EDFE62DDE134300C6A2F4 /* PBXContainerItemProxy */;
		};
/* End PBXTargetDependency section */

/* Begin XCBuildConfiguration section */
		B50EDFED2DDE134300C6A2F4 /* Debug */ = {
			isa = XCBuildConfiguration;
			buildSettings = {
				ALWAYS_SEARCH_USER_PATHS = NO;
				ASSETCATALOG_COMPILER_GENERATE_SWIFT_ASSET_SYMBOL_EXTENSIONS = YES;
				CLANG_ANALYZER_NONNULL = YES;
				CLANG_ANALYZER_NUMBER_OBJECT_CONVERSION = YES_AGGRESSIVE;
				CLANG_CXX_LANGUAGE_STANDARD = "gnu++20";
				CLANG_ENABLE_MODULES = YES;
				CLANG_ENABLE_OBJC_ARC = YES;
				CLANG_ENABLE_OBJC_WEAK = YES;
				CLANG_WARN_BLOCK_CAPTURE_AUTORELEASING = YES;
				CLANG_WARN_BOOL_CONVERSION = YES;
				CLANG_WARN_COMMA = YES;
				CLANG_WARN_CONSTANT_CONVERSION = YES;
				CLANG_WARN_DEPRECATED_OBJC_IMPLEMENTATIONS = YES;
				CLANG_WARN_DIRECT_OBJC_ISA_USAGE = YES_ERROR;
				CLANG_WARN_DOCUMENTATION_COMMENTS = YES;
				CLANG_WARN_EMPTY_BODY = YES;
				CLANG_WARN_ENUM_CONVERSION = YES;
				CLANG_WARN_INFINITE_RECURSION = YES;
				CLANG_WARN_INT_CONVERSION = YES;
				CLANG_WARN_NON_LITERAL_NULL_CONVERSION = YES;
				CLANG_WARN_OBJC_IMPLICIT_RETAIN_SELF = YES;
				CLANG_WARN_OBJC_LITERAL_CONVERSION = YES;
				CLANG_WARN_OBJC_ROOT_CLASS = YES_ERROR;
				CLANG_WARN_QUOTED_INCLUDE_IN_FRAMEWORK_HEADER = YES;
				CLANG_WARN_RANGE_LOOP_ANALYSIS = YES;
				CLANG_WARN_STRICT_PROTOTYPES = YES;
				CLANG_WARN_SUSPICIOUS_MOVE = YES;
				CLANG_WARN_UNGUARDED_AVAILABILITY = YES_AGGRESSIVE;
				CLANG_WARN_UNREACHABLE_CODE = YES;
				CLANG_WARN__DUPLICATE_METHOD_MATCH = YES;
				COPY_PHASE_STRIP = NO;
				DEBUG_INFORMATION_FORMAT = dwarf;
				DEVELOPMENT_TEAM = UCWR6AW3FG;
				ENABLE_STRICT_OBJC_MSGSEND = YES;
				ENABLE_TESTABILITY = YES;
				ENABLE_USER_SCRIPT_SANDBOXING = YES;
				GCC_C_LANGUAGE_STANDARD = gnu17;
				GCC_DYNAMIC_NO_PIC = NO;
				GCC_NO_COMMON_BLOCKS = YES;
				GCC_OPTIMIZATION_LEVEL = 0;
				GCC_PREPROCESSOR_DEFINITIONS = (
					"DEBUG=1",
					"$(inherited)",
				);
				GCC_WARN_64_TO_32_BIT_CONVERSION = YES;
				GCC_WARN_ABOUT_RETURN_TYPE = YES_ERROR;
				GCC_WARN_UNDECLARED_SELECTOR = YES;
				GCC_WARN_UNINITIALIZED_AUTOS = YES_AGGRESSIVE;
				GCC_WARN_UNUSED_FUNCTION = YES;
				GCC_WARN_UNUSED_VARIABLE = YES;
				IPHONEOS_DEPLOYMENT_TARGET = 18.4;
				LOCALIZATION_PREFERS_STRING_CATALOGS = YES;
				MTL_ENABLE_DEBUG_INFO = INCLUDE_SOURCE;
				MTL_FAST_MATH = YES;
				ONLY_ACTIVE_ARCH = YES;
				SDKROOT = iphoneos;
				SWIFT_ACTIVE_COMPILATION_CONDITIONS = "DEBUG $(inherited)";
				SWIFT_OPTIMIZATION_LEVEL = "-Onone";
			};
			name = Debug;
		};
		B50EDFEE2DDE134300C6A2F4 /* Release */ = {
			isa = XCBuildConfiguration;
			buildSettings = {
				ALWAYS_SEARCH_USER_PATHS = NO;
				ASSETCATALOG_COMPILER_GENERATE_SWIFT_ASSET_SYMBOL_EXTENSIONS = YES;
				CLANG_ANALYZER_NONNULL = YES;
				CLANG_ANALYZER_NUMBER_OBJECT_CONVERSION = YES_AGGRESSIVE;
				CLANG_CXX_LANGUAGE_STANDARD = "gnu++20";
				CLANG_ENABLE_MODULES = YES;
				CLANG_ENABLE_OBJC_ARC = YES;
				CLANG_ENABLE_OBJC_WEAK = YES;
				CLANG_WARN_BLOCK_CAPTURE_AUTORELEASING = YES;
				CLANG_WARN_BOOL_CONVERSION = YES;
				CLANG_WARN_COMMA = YES;
				CLANG_WARN_CONSTANT_CONVERSION = YES;
				CLANG_WARN_DEPRECATED_OBJC_IMPLEMENTATIONS = YES;
				CLANG_WARN_DIRECT_OBJC_ISA_USAGE = YES_ERROR;
				CLANG_WARN_DOCUMENTATION_COMMENTS = YES;
				CLANG_WARN_EMPTY_BODY = YES;
				CLANG_WARN_ENUM_CONVERSION = YES;
				CLANG_WARN_INFINITE_RECURSION = YES;
				CLANG_WARN_INT_CONVERSION = YES;
				CLANG_WARN_NON_LITERAL_NULL_CONVERSION = YES;
				CLANG_WARN_OBJC_IMPLICIT_RETAIN_SELF = YES;
				CLANG_WARN_OBJC_LITERAL_CONVERSION = YES;
				CLANG_WARN_OBJC_ROOT_CLASS = YES_ERROR;
				CLANG_WARN_QUOTED_INCLUDE_IN_FRAMEWORK_HEADER = YES;
				CLANG_WARN_RANGE_LOOP_ANALYSIS = YES;
				CLANG_WARN_STRICT_PROTOTYPES = YES;
				CLANG_WARN_SUSPICIOUS_MOVE = YES;
				CLANG_WARN_UNGUARDED_AVAILABILITY = YES_AGGRESSIVE;
				CLANG_WARN_UNREACHABLE_CODE = YES;
				CLANG_WARN__DUPLICATE_METHOD_MATCH = YES;
				COPY_PHASE_STRIP = NO;
				DEBUG_INFORMATION_FORMAT = "dwarf-with-dsym";
				DEVELOPMENT_TEAM = UCWR6AW3FG;
				ENABLE_NS_ASSERTIONS = NO;
				ENABLE_STRICT_OBJC_MSGSEND = YES;
				ENABLE_USER_SCRIPT_SANDBOXING = YES;
				GCC_C_LANGUAGE_STANDARD = gnu17;
				GCC_NO_COMMON_BLOCKS = YES;
				GCC_WARN_64_TO_32_BIT_CONVERSION = YES;
				GCC_WARN_ABOUT_RETURN_TYPE = YES_ERROR;
				GCC_WARN_UNDECLARED_SELECTOR = YES;
				GCC_WARN_UNINITIALIZED_AUTOS = YES_AGGRESSIVE;
				GCC_WARN_UNUSED_FUNCTION = YES;
				GCC_WARN_UNUSED_VARIABLE = YES;
				IPHONEOS_DEPLOYMENT_TARGET = 18.4;
				LOCALIZATION_PREFERS_STRING_CATALOGS = YES;
				MTL_ENABLE_DEBUG_INFO = NO;
				MTL_FAST_MATH = YES;
				SDKROOT = iphoneos;
				SWIFT_COMPILATION_MODE = wholemodule;
				VALIDATE_PRODUCT = YES;
			};
			name = Release;
		};
		B50EDFF02DDE134300C6A2F4 /* Debug */ = {
			isa = XCBuildConfiguration;
			buildSettings = {
				ASSETCATALOG_COMPILER_APPICON_NAME = AppIcon;
				ASSETCATALOG_COMPILER_GLOBAL_ACCENT_COLOR_NAME = AccentColor;
				CODE_SIGN_STYLE = Automatic;
				CURRENT_PROJECT_VERSION = 1;
				DEVELOPMENT_TEAM = UCWR6AW3FG;
				ENABLE_PREVIEWS = YES;
				GENERATE_INFOPLIST_FILE = YES;
				INFOPLIST_KEY_UIApplicationSceneManifest_Generation = YES;
				INFOPLIST_KEY_UIApplicationSupportsIndirectInputEvents = YES;
				INFOPLIST_KEY_UILaunchScreen_Generation = YES;
				INFOPLIST_KEY_UISupportedInterfaceOrientations_iPad = "UIInterfaceOrientationPortrait UIInterfaceOrientationPortraitUpsideDown UIInterfaceOrientationLandscapeLeft UIInterfaceOrientationLandscapeRight";
				INFOPLIST_KEY_UISupportedInterfaceOrientations_iPhone = "UIInterfaceOrientationPortrait UIInterfaceOrientationLandscapeLeft UIInterfaceOrientationLandscapeRight";
				LD_RUNPATH_SEARCH_PATHS = (
					"$(inherited)",
					"@executable_path/Frameworks",
				);
				MARKETING_VERSION = 1.0;
				PRODUCT_BUNDLE_IDENTIFIER = com.Lucid.GitStudy;
				PRODUCT_NAME = "$(TARGET_NAME)";
				SWIFT_EMIT_LOC_STRINGS = YES;
				SWIFT_VERSION = 5.0;
				TARGETED_DEVICE_FAMILY = "1,2";
			};
			name = Debug;
		};
		B50EDFF12DDE134300C6A2F4 /* Release */ = {
			isa = XCBuildConfiguration;
			buildSettings = {
				ASSETCATALOG_COMPILER_APPICON_NAME = AppIcon;
				ASSETCATALOG_COMPILER_GLOBAL_ACCENT_COLOR_NAME = AccentColor;
				CODE_SIGN_STYLE = Automatic;
				CURRENT_PROJECT_VERSION = 1;
				DEVELOPMENT_TEAM = UCWR6AW3FG;
				ENABLE_PREVIEWS = YES;
				GENERATE_INFOPLIST_FILE = YES;
				INFOPLIST_KEY_UIApplicationSceneManifest_Generation = YES;
				INFOPLIST_KEY_UIApplicationSupportsIndirectInputEvents = YES;
				INFOPLIST_KEY_UILaunchScreen_Generation = YES;
				INFOPLIST_KEY_UISupportedInterfaceOrientations_iPad = "UIInterfaceOrientationPortrait UIInterfaceOrientationPortraitUpsideDown UIInterfaceOrientationLandscapeLeft UIInterfaceOrientationLandscapeRight";
				INFOPLIST_KEY_UISupportedInterfaceOrientations_iPhone = "UIInterfaceOrientationPortrait UIInterfaceOrientationLandscapeLeft UIInterfaceOrientationLandscapeRight";
				LD_RUNPATH_SEARCH_PATHS = (
					"$(inherited)",
					"@executable_path/Frameworks",
				);
				MARKETING_VERSION = 1.0;
				PRODUCT_BUNDLE_IDENTIFIER = com.Lucid.GitStudy;
				PRODUCT_NAME = "$(TARGET_NAME)";
				SWIFT_EMIT_LOC_STRINGS = YES;
				SWIFT_VERSION = 5.0;
				TARGETED_DEVICE_FAMILY = "1,2";
			};
			name = Release;
		};
		B50EDFF32DDE134300C6A2F4 /* Debug */ = {
			isa = XCBuildConfiguration;
			buildSettings = {
				BUNDLE_LOADER = "$(TEST_HOST)";
				CODE_SIGN_STYLE = Automatic;
				CURRENT_PROJECT_VERSION = 1;
				DEVELOPMENT_TEAM = UCWR6AW3FG;
				GENERATE_INFOPLIST_FILE = YES;
				IPHONEOS_DEPLOYMENT_TARGET = 18.4;
				MARKETING_VERSION = 1.0;
				PRODUCT_BUNDLE_IDENTIFIER = com.Lucid.GitStudyTests;
				PRODUCT_NAME = "$(TARGET_NAME)";
				SWIFT_EMIT_LOC_STRINGS = NO;
				SWIFT_VERSION = 5.0;
				TARGETED_DEVICE_FAMILY = "1,2";
				TEST_HOST = "$(BUILT_PRODUCTS_DIR)/GitStudy.app/$(BUNDLE_EXECUTABLE_FOLDER_PATH)/GitStudy";
			};
			name = Debug;
		};
		B50EDFF42DDE134300C6A2F4 /* Release */ = {
			isa = XCBuildConfiguration;
			buildSettings = {
				BUNDLE_LOADER = "$(TEST_HOST)";
				CODE_SIGN_STYLE = Automatic;
				CURRENT_PROJECT_VERSION = 1;
				DEVELOPMENT_TEAM = UCWR6AW3FG;
				GENERATE_INFOPLIST_FILE = YES;
				IPHONEOS_DEPLOYMENT_TARGET = 18.4;
				MARKETING_VERSION = 1.0;
				PRODUCT_BUNDLE_IDENTIFIER = com.Lucid.GitStudyTests;
				PRODUCT_NAME = "$(TARGET_NAME)";
				SWIFT_EMIT_LOC_STRINGS = NO;
				SWIFT_VERSION = 5.0;
				TARGETED_DEVICE_FAMILY = "1,2";
				TEST_HOST = "$(BUILT_PRODUCTS_DIR)/GitStudy.app/$(BUNDLE_EXECUTABLE_FOLDER_PATH)/GitStudy";
			};
			name = Release;
		};
		B50EDFF62DDE134300C6A2F4 /* Debug */ = {
			isa = XCBuildConfiguration;
			buildSettings = {
				CODE_SIGN_STYLE = Automatic;
				CURRENT_PROJECT_VERSION = 1;
				DEVELOPMENT_TEAM = UCWR6AW3FG;
				GENERATE_INFOPLIST_FILE = YES;
				MARKETING_VERSION = 1.0;
				PRODUCT_BUNDLE_IDENTIFIER = com.Lucid.GitStudyUITests;
				PRODUCT_NAME = "$(TARGET_NAME)";
				SWIFT_EMIT_LOC_STRINGS = NO;
				SWIFT_VERSION = 5.0;
				TARGETED_DEVICE_FAMILY = "1,2";
				TEST_TARGET_NAME = GitStudy;
			};
			name = Debug;
		};
		B50EDFF72DDE134300C6A2F4 /* Release */ = {
			isa = XCBuildConfiguration;
			buildSettings = {
				CODE_SIGN_STYLE = Automatic;
				CURRENT_PROJECT_VERSION = 1;
				DEVELOPMENT_TEAM = UCWR6AW3FG;
				GENERATE_INFOPLIST_FILE = YES;
				MARKETING_VERSION = 1.0;
				PRODUCT_BUNDLE_IDENTIFIER = com.Lucid.GitStudyUITests;
				PRODUCT_NAME = "$(TARGET_NAME)";
				SWIFT_EMIT_LOC_STRINGS = NO;
				SWIFT_VERSION = 5.0;
				TARGETED_DEVICE_FAMILY = "1,2";
				TEST_TARGET_NAME = GitStudy;
			};
			name = Release;
		};
/* End XCBuildConfiguration section */

/* Begin XCConfigurationList section */
		B50EDFC92DDE134200C6A2F4 /* Build configuration list for PBXProject "GitStudy" */ = {
			isa = XCConfigurationList;
			buildConfigurations = (
				B50EDFED2DDE134300C6A2F4 /* Debug */,
				B50EDFEE2DDE134300C6A2F4 /* Release */,
			);
			defaultConfigurationIsVisible = 0;
			defaultConfigurationName = Release;
		};
		B50EDFEF2DDE134300C6A2F4 /* Build configuration list for PBXNativeTarget "GitStudy" */ = {
			isa = XCConfigurationList;
			buildConfigurations = (
				B50EDFF02DDE134300C6A2F4 /* Debug */,
				B50EDFF12DDE134300C6A2F4 /* Release */,
			);
			defaultConfigurationIsVisible = 0;
			defaultConfigurationName = Release;
		};
		B50EDFF22DDE134300C6A2F4 /* Build configuration list for PBXNativeTarget "GitStudyTests" */ = {
			isa = XCConfigurationList;
			buildConfigurations = (
				B50EDFF32DDE134300C6A2F4 /* Debug */,
				B50EDFF42DDE134300C6A2F4 /* Release */,
			);
			defaultConfigurationIsVisible = 0;
			defaultConfigurationName = Release;
		};
		B50EDFF52DDE134300C6A2F4 /* Build configuration list for PBXNativeTarget "GitStudyUITests" */ = {
			isa = XCConfigurationList;
			buildConfigurations = (
				B50EDFF62DDE134300C6A2F4 /* Debug */,
				B50EDFF72DDE134300C6A2F4 /* Release */,
			);
			defaultConfigurationIsVisible = 0;
			defaultConfigurationName = Release;
		};
/* End XCConfigurationList section */
	};
	rootObject = B50EDFC62DDE134200C6A2F4 /* Project object */;
}
